Microsoft Visual Studio Solution File, Format Version 11.00
# Visual Studio 2008

Project("{6FFCDDFB-B9CD-FEAB-EB01-FA9C6C4CA523}") = "GameJam#1 Backup", "Assembly-CSharp-firstpass.csproj", "{98BF197F-C0BB-D71F-26AD-D11FF7BFBE39}"
EndProject
Project("{6FFCDDFB-B9CD-FEAB-EB01-FA9C6C4CA523}") = "GameJam#1 Backup", "Assembly-CSharp.csproj", "{6B5AC93F-682B-884E-C0EE-F6A668EB2817}"
EndProject
Project("{6FFCDDFB-B9CD-FEAB-EB01-FA9C6C4CA523}") = "GameJam#1 Backup", "Assembly-UnityScript-firstpass.unityproj", "{70800DE0-A545-0347-D20C-D9DBF1DDF46F}"
EndProject
Global
	GlobalSection(SolutionConfigurationPlatforms) = preSolution
		Debug|Any CPU = Debug|Any CPU
		Release|Any CPU = Release|Any CPU
	EndGlobalSection
	GlobalSection(ProjectConfigurationPlatforms) = postSolution
		{98BF197F-C0BB-D71F-26AD-D11FF7BFBE39}.Debug|Any CPU.ActiveCfg = Debug|Any CPU
		{98BF197F-C0BB-D71F-26AD-D11FF7BFBE39}.Debug|Any CPU.Build.0 = Debug|Any CPU
		{98BF197F-C0BB-D71F-26AD-D11FF7BFBE39}.Release|Any CPU.ActiveCfg = Release|Any CPU
		{98BF197F-C0BB-D71F-26AD-D11FF7BFBE39}.Release|Any CPU.Build.0 = Release|Any CPU
		{6B5AC93F-682B-884E-C0EE-F6A668EB2817}.Debug|Any CPU.ActiveCfg = Debug|Any CPU
		{6B5AC93F-682B-884E-C0EE-F6A668EB2817}.Debug|Any CPU.Build.0 = Debug|Any CPU
		{6B5AC93F-682B-884E-C0EE-F6A668EB2817}.Release|Any CPU.ActiveCfg = Release|Any CPU
		{6B5AC93F-682B-884E-C0EE-F6A668EB2817}.Release|Any CPU.Build.0 = Release|Any CPU
		{70800DE0-A545-0347-D20C-D9DBF1DDF46F}.Debug|Any CPU.ActiveCfg = Debug|Any CPU
		{70800DE0-A545-0347-D20C-D9DBF1DDF46F}.Debug|Any CPU.Build.0 = Debug|Any CPU
		{70800DE0-A545-0347-D20C-D9DBF1DDF46F}.Release|Any CPU.ActiveCfg = Release|Any CPU
		{70800DE0-A545-0347-D20C-D9DBF1DDF46F}.Release|Any CPU.Build.0 = Release|Any CPU
	EndGlobalSection
	GlobalSection(SolutionProperties) = preSolution
		HideSolutionNode = FALSE
	EndGlobalSection
			GlobalSection(MonoDevelopProperties) = preSolution
		StartupItem = Assembly-CSharp.csproj
		Policies = $0
		$0.TextStylePolicy = $1
		$1.inheritsSet = null
		$1.scope = text/x-csharp
		$0.CSharpFormattingPolicy = $2
		$2.inheritsSet = Mono
		$2.inheritsScope = text/x-csharp
		$2.scope = text/x-csharp
		$0.TextStylePolicy = $3
		$3.FileWidth = 120
		$3.TabWidth = 4
		$3.EolMarker = Unix
		$3.inheritsSet = Mono
		$3.inheritsScope = text/plain
		$3.scope = text/plain
	EndGlobalSection

EndGlobal
